// !$*UTF8*$!
{
	archiveVersion = 1;
	classes = {
	};
	objectVersion = 50;
	objects = {

/* Begin PBXBuildFile section */
		E06F858621FA87AC002E8F69 /* AppDelegate.swift in Sources */ = {isa = PBXBuildFile; fileRef = E06F858521FA87AC002E8F69 /* AppDelegate.swift */; };
		E06F858821FA87AC002E8F69 /* ViewController.swift in Sources */ = {isa = PBXBuildFile; fileRef = E06F858721FA87AC002E8F69 /* ViewController.swift */; };
		E06F858B21FA87AC002E8F69 /* Main.storyboard in Resources */ = {isa = PBXBuildFile; fileRef = E06F858921FA87AC002E8F69 /* Main.storyboard */; };
		E06F858D21FA87AD002E8F69 /* Assets.xcassets in Resources */ = {isa = PBXBuildFile; fileRef = E06F858C21FA87AD002E8F69 /* Assets.xcassets */; };
		E06F859021FA87AD002E8F69 /* LaunchScreen.storyboard in Resources */ = {isa = PBXBuildFile; fileRef = E06F858E21FA87AD002E8F69 /* LaunchScreen.storyboard */; };
		E06F859B21FA87AD002E8F69 /* calculatorTests.swift in Sources */ = {isa = PBXBuildFile; fileRef = E06F859A21FA87AD002E8F69 /* calculatorTests.swift */; };
		E06F85A621FA87AD002E8F69 /* calculatorUITests.swift in Sources */ = {isa = PBXBuildFile; fileRef = E06F85A521FA87AD002E8F69 /* calculatorUITests.swift */; };
/* End PBXBuildFile section */

/* Begin PBXContainerItemProxy section */
		E06F859721FA87AD002E8F69 /* PBXContainerItemProxy */ = {
			isa = PBXContainerItemProxy;
			containerPortal = E06F857A21FA87AC002E8F69 /* Project object */;
			proxyType = 1;
			remoteGlobalIDString = E06F858121FA87AC002E8F69;
			remoteInfo = calculator;
		};
		E06F85A221FA87AD002E8F69 /* PBXContainerItemProxy */ = {
			isa = PBXContainerItemProxy;
			containerPortal = E06F857A21FA87AC002E8F69 /* Project object */;
			proxyType = 1;
			remoteGlobalIDString = E06F858121FA87AC002E8F69;
			remoteInfo = calculator;
		};
/* End PBXContainerItemProxy section */

/* Begin PBXFileReference section */
		E06F858221FA87AC002E8F69 /* calculator.app */ = {isa = PBXFileReference; explicitFileType = wrapper.application; includeInIndex = 0; path = calculator.app; sourceTree = BUILT_PRODUCTS_DIR; };
		E06F858521FA87AC002E8F69 /* AppDelegate.swift */ = {isa = PBXFileReference; lastKnownFileType = sourcecode.swift; path = AppDelegate.swift; sourceTree = "<group>"; };
		E06F858721FA87AC002E8F69 /* ViewController.swift */ = {isa = PBXFileReference; lastKnownFileType = sourcecode.swift; path = ViewController.swift; sourceTree = "<group>"; };
		E06F858A21FA87AC002E8F69 /* Base */ = {isa = PBXFileReference; lastKnownFileType = file.storyboard; name = Base; path = Base.lproj/Main.storyboard; sourceTree = "<group>"; };
		E06F858C21FA87AD002E8F69 /* Assets.xcassets */ = {isa = PBXFileReference; lastKnownFileType = folder.assetcatalog; path = Assets.xcassets; sourceTree = "<group>"; };
		E06F858F21FA87AD002E8F69 /* Base */ = {isa = PBXFileReference; lastKnownFileType = file.storyboard; name = Base; path = Base.lproj/LaunchScreen.storyboard; sourceTree = "<group>"; };
		E06F859121FA87AD002E8F69 /* Info.plist */ = {isa = PBXFileReference; lastKnownFileType = text.plist.xml; path = Info.plist; sourceTree = "<group>"; };
		E06F859621FA87AD002E8F69 /* calculatorTests.xctest */ = {isa = PBXFileReference; explicitFileType = wrapper.cfbundle; includeInIndex = 0; path = calculatorTests.xctest; sourceTree = BUILT_PRODUCTS_DIR; };
		E06F859A21FA87AD002E8F69 /* calculatorTests.swift */ = {isa = PBXFileReference; lastKnownFileType = sourcecode.swift; path = calculatorTests.swift; sourceTree = "<group>"; };
		E06F859C21FA87AD002E8F69 /* Info.plist */ = {isa = PBXFileReference; lastKnownFileType = text.plist.xml; path = Info.plist; sourceTree = "<group>"; };
		E06F85A121FA87AD002E8F69 /* calculatorUITests.xctest */ = {isa = PBXFileReference; explicitFileType = wrapper.cfbundle; includeInIndex = 0; path = calculatorUITests.xctest; sourceTree = BUILT_PRODUCTS_DIR; };
		E06F85A521FA87AD002E8F69 /* calculatorUITests.swift */ = {isa = PBXFileReference; lastKnownFileType = sourcecode.swift; path = calculatorUITests.swift; sourceTree = "<group>"; };
		E06F85A721FA87AD002E8F69 /* Info.plist */ = {isa = PBXFileReference; lastKnownFileType = text.plist.xml; path = Info.plist; sourceTree = "<group>"; };
/* End PBXFileReference section */

/* Begin PBXFrameworksBuildPhase section */
		E06F857F21FA87AC002E8F69 /* Frameworks */ = {
			isa = PBXFrameworksBuildPhase;
			buildActionMask = 2147483647;
			files = (
			);
			runOnlyForDeploymentPostprocessing = 0;
		};
		E06F859321FA87AD002E8F69 /* Frameworks */ = {
			isa = PBXFrameworksBuildPhase;
			buildActionMask = 2147483647;
			files = (
			);
			runOnlyForDeploymentPostprocessing = 0;
		};
		E06F859E21FA87AD002E8F69 /* Frameworks */ = {
			isa = PBXFrameworksBuildPhase;
			buildActionMask = 2147483647;
			files = (
			);
			runOnlyForDeploymentPostprocessing = 0;
		};
/* End PBXFrameworksBuildPhase section */

/* Begin PBXGroup section */
		E06F857921FA87AC002E8F69 = {
			isa = PBXGroup;
			children = (
				E06F858421FA87AC002E8F69 /* calculator */,
				E06F859921FA87AD002E8F69 /* calculatorTests */,
				E06F85A421FA87AD002E8F69 /* calculatorUITests */,
				E06F858321FA87AC002E8F69 /* Products */,
			);
			sourceTree = "<group>";
		};
		E06F858321FA87AC002E8F69 /* Products */ = {
			isa = PBXGroup;
			children = (
				E06F858221FA87AC002E8F69 /* calculator.app */,
				E06F859621FA87AD002E8F69 /* calculatorTests.xctest */,
				E06F85A121FA87AD002E8F69 /* calculatorUITests.xctest */,
			);
			name = Products;
			sourceTree = "<group>";
		};
		E06F858421FA87AC002E8F69 /* calculator */ = {
			isa = PBXGroup;
			children = (
				E06F858521FA87AC002E8F69 /* AppDelegate.swift */,
				E06F858721FA87AC002E8F69 /* ViewController.swift */,
				E06F858921FA87AC002E8F69 /* Main.storyboard */,
				E06F858C21FA87AD002E8F69 /* Assets.xcassets */,
				E06F858E21FA87AD002E8F69 /* LaunchScreen.storyboard */,
				E06F859121FA87AD002E8F69 /* Info.plist */,
			);
			path = calculator;
			sourceTree = "<group>";
		};
		E06F859921FA87AD002E8F69 /* calculatorTests */ = {
			isa = PBXGroup;
			children = (
				E06F859A21FA87AD002E8F69 /* calculatorTests.swift */,
				E06F859C21FA87AD002E8F69 /* Info.plist */,
			);
			path = calculatorTests;
			sourceTree = "<group>";
		};
		E06F85A421FA87AD002E8F69 /* calculatorUITests */ = {
			isa = PBXGroup;
			children = (
				E06F85A521FA87AD002E8F69 /* calculatorUITests.swift */,
				E06F85A721FA87AD002E8F69 /* Info.plist */,
			);
			path = calculatorUITests;
			sourceTree = "<group>";
		};
/* End PBXGroup section */

/* Begin PBXNativeTarget section */
		E06F858121FA87AC002E8F69 /* calculator */ = {
			isa = PBXNativeTarget;
			buildConfigurationList = E06F85AA21FA87AD002E8F69 /* Build configuration list for PBXNativeTarget "calculator" */;
			buildPhases = (
				E06F857E21FA87AC002E8F69 /* Sources */,
				E06F857F21FA87AC002E8F69 /* Frameworks */,
				E06F858021FA87AC002E8F69 /* Resources */,
			);
			buildRules = (
			);
			dependencies = (
			);
			name = calculator;
			productName = calculator;
			productReference = E06F858221FA87AC002E8F69 /* calculator.app */;
			productType = "com.apple.product-type.application";
		};
		E06F859521FA87AD002E8F69 /* calculatorTests */ = {
			isa = PBXNativeTarget;
			buildConfigurationList = E06F85AD21FA87AD002E8F69 /* Build configuration list for PBXNativeTarget "calculatorTests" */;
			buildPhases = (
				E06F859221FA87AD002E8F69 /* Sources */,
				E06F859321FA87AD002E8F69 /* Frameworks */,
				E06F859421FA87AD002E8F69 /* Resources */,
			);
			buildRules = (
			);
			dependencies = (
				E06F859821FA87AD002E8F69 /* PBXTargetDependency */,
			);
			name = calculatorTests;
			productName = calculatorTests;
			productReference = E06F859621FA87AD002E8F69 /* calculatorTests.xctest */;
			productType = "com.apple.product-type.bundle.unit-test";
		};
		E06F85A021FA87AD002E8F69 /* calculatorUITests */ = {
			isa = PBXNativeTarget;
			buildConfigurationList = E06F85B021FA87AD002E8F69 /* Build configuration list for PBXNativeTarget "calculatorUITests" */;
			buildPhases = (
				E06F859D21FA87AD002E8F69 /* Sources */,
				E06F859E21FA87AD002E8F69 /* Frameworks */,
				E06F859F21FA87AD002E8F69 /* Resources */,
			);
			buildRules = (
			);
			dependencies = (
				E06F85A321FA87AD002E8F69 /* PBXTargetDependency */,
			);
			name = calculatorUITests;
			productName = calculatorUITests;
			productReference = E06F85A121FA87AD002E8F69 /* calculatorUITests.xctest */;
			productType = "com.apple.product-type.bundle.ui-testing";
		};
/* End PBXNativeTarget section */

/* Begin PBXProject section */
		E06F857A21FA87AC002E8F69 /* Project object */ = {
			isa = PBXProject;
			attributes = {
				LastSwiftUpdateCheck = 1010;
				LastUpgradeCheck = 1010;
				ORGANIZATIONNAME = "Veco Cai";
				TargetAttributes = {
					E06F858121FA87AC002E8F69 = {
						CreatedOnToolsVersion = 10.1;
					};
					E06F859521FA87AD002E8F69 = {
						CreatedOnToolsVersion = 10.1;
						TestTargetID = E06F858121FA87AC002E8F69;
					};
					E06F85A021FA87AD002E8F69 = {
						CreatedOnToolsVersion = 10.1;
						TestTargetID = E06F858121FA87AC002E8F69;
					};
				};
			};
			buildConfigurationList = E06F857D21FA87AC002E8F69 /* Build configuration list for PBXProject "calculator" */;
			compatibilityVersion = "Xcode 9.3";
			developmentRegion = en;
			hasScannedForEncodings = 0;
			knownRegions = (
				en,
				Base,
			);
			mainGroup = E06F857921FA87AC002E8F69;
			productRefGroup = E06F858321FA87AC002E8F69 /* Products */;
			projectDirPath = "";
			projectRoot = "";
			targets = (
				E06F858121FA87AC002E8F69 /* calculator */,
				E06F859521FA87AD002E8F69 /* calculatorTests */,
				E06F85A021FA87AD002E8F69 /* calculatorUITests */,
			);
		};
/* End PBXProject section */

/* Begin PBXResourcesBuildPhase section */
		E06F858021FA87AC002E8F69 /* Resources */ = {
			isa = PBXResourcesBuildPhase;
			buildActionMask = 2147483647;
			files = (
				E06F859021FA87AD002E8F69 /* LaunchScreen.storyboard in Resources */,
				E06F858D21FA87AD002E8F69 /* Assets.xcassets in Resources */,
				E06F858B21FA87AC002E8F69 /* Main.storyboard in Resources */,
			);
			runOnlyForDeploymentPostprocessing = 0;
		};
		E06F859421FA87AD002E8F69 /* Resources */ = {
			isa = PBXResourcesBuildPhase;
			buildActionMask = 2147483647;
			files = (
			);
			runOnlyForDeploymentPostprocessing = 0;
		};
		E06F859F21FA87AD002E8F69 /* Resources */ = {
			isa = PBXResourcesBuildPhase;
			buildActionMask = 2147483647;
			files = (
			);
			runOnlyForDeploymentPostprocessing = 0;
		};
/* End PBXResourcesBuildPhase section */

/* Begin PBXSourcesBuildPhase section */
		E06F857E21FA87AC002E8F69 /* Sources */ = {
			isa = PBXSourcesBuildPhase;
			buildActionMask = 2147483647;
			files = (
				E06F858821FA87AC002E8F69 /* ViewController.swift in Sources */,
				E06F858621FA87AC002E8F69 /* AppDelegate.swift in Sources */,
			);
			runOnlyForDeploymentPostprocessing = 0;
		};
		E06F859221FA87AD002E8F69 /* Sources */ = {
			isa = PBXSourcesBuildPhase;
			buildActionMask = 2147483647;
			files = (
				E06F859B21FA87AD002E8F69 /* calculatorTests.swift in Sources */,
			);
			runOnlyForDeploymentPostprocessing = 0;
		};
		E06F859D21FA87AD002E8F69 /* Sources */ = {
			isa = PBXSourcesBuildPhase;
			buildActionMask = 2147483647;
			files = (
				E06F85A621FA87AD002E8F69 /* calculatorUITests.swift in Sources */,
			);
			runOnlyForDeploymentPostprocessing = 0;
		};
/* End PBXSourcesBuildPhase section */

/* Begin PBXTargetDependency section */
		E06F859821FA87AD002E8F69 /* PBXTargetDependency */ = {
			isa = PBXTargetDependency;
			target = E06F858121FA87AC002E8F69 /* calculator */;
			targetProxy = E06F859721FA87AD002E8F69 /* PBXContainerItemProxy */;
		};
		E06F85A321FA87AD002E8F69 /* PBXTargetDependency */ = {
			isa = PBXTargetDependency;
			target = E06F858121FA87AC002E8F69 /* calculator */;
			targetProxy = E06F85A221FA87AD002E8F69 /* PBXContainerItemProxy */;
		};
/* End PBXTargetDependency section */

/* Begin PBXVariantGroup section */
		E06F858921FA87AC002E8F69 /* Main.storyboard */ = {
			isa = PBXVariantGroup;
			children = (
				E06F858A21FA87AC002E8F69 /* Base */,
			);
			name = Main.storyboard;
			sourceTree = "<group>";
		};
		E06F858E21FA87AD002E8F69 /* LaunchScreen.storyboard */ = {
			isa = PBXVariantGroup;
			children = (
				E06F858F21FA87AD002E8F69 /* Base */,
			);
			name = LaunchScreen.storyboard;
			sourceTree = "<group>";
		};
/* End PBXVariantGroup section */

/* Begin XCBuildConfiguration section */
		E06F85A821FA87AD002E8F69 /* Debug */ = {
			isa = XCBuildConfiguration;
			buildSettings = {
				ALWAYS_SEARCH_USER_PATHS = NO;
				CLANG_ANALYZER_NONNULL = YES;
				CLANG_ANALYZER_NUMBER_OBJECT_CONVERSION = YES_AGGRESSIVE;
				CLANG_CXX_LANGUAGE_STANDARD = "gnu++14";
				CLANG_CXX_LIBRARY = "libc++";
				CLANG_ENABLE_MODULES = YES;
				CLANG_ENABLE_OBJC_ARC = YES;
				CLANG_ENABLE_OBJC_WEAK = YES;
				CLANG_WARN_BLOCK_CAPTURE_AUTORELEASING = YES;
				CLANG_WARN_BOOL_CONVERSION = YES;
				CLANG_WARN_COMMA = YES;
				CLANG_WARN_CONSTANT_CONVERSION = YES;
				CLANG_WARN_DEPRECATED_OBJC_IMPLEMENTATIONS = YES;
				CLANG_WARN_DIRECT_OBJC_ISA_USAGE = YES_ERROR;
				CLANG_WARN_DOCUMENTATION_COMMENTS = YES;
				CLANG_WARN_EMPTY_BODY = YES;
				CLANG_WARN_ENUM_CONVERSION = YES;
				CLANG_WARN_INFINITE_RECURSION = YES;
				CLANG_WARN_INT_CONVERSION = YES;
				CLANG_WARN_NON_LITERAL_NULL_CONVERSION = YES;
				CLANG_WARN_OBJC_IMPLICIT_RETAIN_SELF = YES;
				CLANG_WARN_OBJC_LITERAL_CONVERSION = YES;
				CLANG_WARN_OBJC_ROOT_CLASS = YES_ERROR;
				CLANG_WARN_RANGE_LOOP_ANALYSIS = YES;
				CLANG_WARN_STRICT_PROTOTYPES = YES;
				CLANG_WARN_SUSPICIOUS_MOVE = YES;
				CLANG_WARN_UNGUARDED_AVAILABILITY = YES_AGGRESSIVE;
				CLANG_WARN_UNREACHABLE_CODE = YES;
				CLANG_WARN__DUPLICATE_METHOD_MATCH = YES;
				CODE_SIGN_IDENTITY = "iPhone Developer";
				COPY_PHASE_STRIP = NO;
				DEBUG_INFORMATION_FORMAT = dwarf;
				ENABLE_STRICT_OBJC_MSGSEND = YES;
				ENABLE_TESTABILITY = YES;
				GCC_C_LANGUAGE_STANDARD = gnu11;
				GCC_DYNAMIC_NO_PIC = NO;
				GCC_NO_COMMON_BLOCKS = YES;
				GCC_OPTIMIZATION_LEVEL = 0;
				GCC_PREPROCESSOR_DEFINITIONS = (
					"DEBUG=1",
					"$(inherited)",
				);
				GCC_WARN_64_TO_32_BIT_CONVERSION = YES;
				GCC_WARN_ABOUT_RETURN_TYPE = YES_ERROR;
				GCC_WARN_UNDECLARED_SELECTOR = YES;
				GCC_WARN_UNINITIALIZED_AUTOS = YES_AGGRESSIVE;
				GCC_WARN_UNUSED_FUNCTION = YES;
				GCC_WARN_UNUSED_VARIABLE = YES;
				IPHONEOS_DEPLOYMENT_TARGET = 12.1;
				MTL_ENABLE_DEBUG_INFO = INCLUDE_SOURCE;
				MTL_FAST_MATH = YES;
				ONLY_ACTIVE_ARCH = YES;
				SDKROOT = iphoneos;
				SWIFT_ACTIVE_COMPILATION_CONDITIONS = DEBUG;
				SWIFT_OPTIMIZATION_LEVEL = "-Onone";
			};
			name = Debug;
		};
		E06F85A921FA87AD002E8F69 /* Release */ = {
			isa = XCBuildConfiguration;
			buildSettings = {
				ALWAYS_SEARCH_USER_PATHS = NO;
				CLANG_ANALYZER_NONNULL = YES;
				CLANG_ANALYZER_NUMBER_OBJECT_CONVERSION = YES_AGGRESSIVE;
				CLANG_CXX_LANGUAGE_STANDARD = "gnu++14";
				CLANG_CXX_LIBRARY = "libc++";
				CLANG_ENABLE_MODULES = YES;
				CLANG_ENABLE_OBJC_ARC = YES;
				CLANG_ENABLE_OBJC_WEAK = YES;
				CLANG_WARN_BLOCK_CAPTURE_AUTORELEASING = YES;
				CLANG_WARN_BOOL_CONVERSION = YES;
				CLANG_WARN_COMMA = YES;
				CLANG_WARN_CONSTANT_CONVERSION = YES;
				CLANG_WARN_DEPRECATED_OBJC_IMPLEMENTATIONS = YES;
				CLANG_WARN_DIRECT_OBJC_ISA_USAGE = YES_ERROR;
				CLANG_WARN_DOCUMENTATION_COMMENTS = YES;
				CLANG_WARN_EMPTY_BODY = YES;
				CLANG_WARN_ENUM_CONVERSION = YES;
				CLANG_WARN_INFINITE_RECURSION = YES;
				CLANG_WARN_INT_CONVERSION = YES;
				CLANG_WARN_NON_LITERAL_NULL_CONVERSION = YES;
				CLANG_WARN_OBJC_IMPLICIT_RETAIN_SELF = YES;
				CLANG_WARN_OBJC_LITERAL_CONVERSION = YES;
				CLANG_WARN_OBJC_ROOT_CLASS = YES_ERROR;
				CLANG_WARN_RANGE_LOOP_ANALYSIS = YES;
				CLANG_WARN_STRICT_PROTOTYPES = YES;
				CLANG_WARN_SUSPICIOUS_MOVE = YES;
				CLANG_WARN_UNGUARDED_AVAILABILITY = YES_AGGRESSIVE;
				CLANG_WARN_UNREACHABLE_CODE = YES;
				CLANG_WARN__DUPLICATE_METHOD_MATCH = YES;
				CODE_SIGN_IDENTITY = "iPhone Developer";
				COPY_PHASE_STRIP = NO;
				DEBUG_INFORMATION_FORMAT = "dwarf-with-dsym";
				ENABLE_NS_ASSERTIONS = NO;
				ENABLE_STRICT_OBJC_MSGSEND = YES;
				GCC_C_LANGUAGE_STANDARD = gnu11;
				GCC_NO_COMMON_BLOCKS = YES;
				GCC_WARN_64_TO_32_BIT_CONVERSION = YES;
				GCC_WARN_ABOUT_RETURN_TYPE = YES_ERROR;
				GCC_WARN_UNDECLARED_SELECTOR = YES;
				GCC_WARN_UNINITIALIZED_AUTOS = YES_AGGRESSIVE;
				GCC_WARN_UNUSED_FUNCTION = YES;
				GCC_WARN_UNUSED_VARIABLE = YES;
				IPHONEOS_DEPLOYMENT_TARGET = 12.1;
				MTL_ENABLE_DEBUG_INFO = NO;
				MTL_FAST_MATH = YES;
				SDKROOT = iphoneos;
				SWIFT_COMPILATION_MODE = wholemodule;
				SWIFT_OPTIMIZATION_LEVEL = "-O";
				VALIDATE_PRODUCT = YES;
			};
			name = Release;
		};
		E06F85AB21FA87AD002E8F69 /* Debug */ = {
			isa = XCBuildConfiguration;
			buildSettings = {
				ASSETCATALOG_COMPILER_APPICON_NAME = AppIcon;
				CODE_SIGN_STYLE = Automatic;
				INFOPLIST_FILE = calculator/Info.plist;
				LD_RUNPATH_SEARCH_PATHS = (
					"$(inherited)",
					"@executable_path/Frameworks",
				);
				PRODUCT_BUNDLE_IDENTIFIER = codepath.calculator;
				PRODUCT_NAME = "$(TARGET_NAME)";
				SWIFT_VERSION = 4.2;
				TARGETED_DEVICE_FAMILY = "1,2";
			};
			name = Debug;
		};
		E06F85AC21FA87AD002E8F69 /* Release */ = {
			isa = XCBuildConfiguration;
			buildSettings = {
				ASSETCATALOG_COMPILER_APPICON_NAME = AppIcon;
				CODE_SIGN_STYLE = Automatic;
				INFOPLIST_FILE = calculator/Info.plist;
				LD_RUNPATH_SEARCH_PATHS = (
					"$(inherited)",
					"@executable_path/Frameworks",
				);
				PRODUCT_BUNDLE_IDENTIFIER = codepath.calculator;
				PRODUCT_NAME = "$(TARGET_NAME)";
				SWIFT_VERSION = 4.2;
				TARGETED_DEVICE_FAMILY = "1,2";
			};
			name = Release;
		};
		E06F85AE21FA87AD002E8F69 /* Debug */ = {
			isa = XCBuildConfiguration;
			buildSettings = {
				ALWAYS_EMBED_SWIFT_STANDARD_LIBRARIES = YES;
				BUNDLE_LOADER = "$(TEST_HOST)";
				CODE_SIGN_STYLE = Automatic;
				INFOPLIST_FILE = calculatorTests/Info.plist;
				LD_RUNPATH_SEARCH_PATHS = (
					"$(inherited)",
					"@executable_path/Frameworks",
					"@loader_path/Frameworks",
				);
				PRODUCT_BUNDLE_IDENTIFIER = codepath.calculatorTests;
				PRODUCT_NAME = "$(TARGET_NAME)";
				SWIFT_VERSION = 4.2;
				TARGETED_DEVICE_FAMILY = "1,2";
				TEST_HOST = "$(BUILT_PRODUCTS_DIR)/calculator.app/calculator";
			};
			name = Debug;
		};
		E06F85AF21FA87AD002E8F69 /* Release */ = {
			isa = XCBuildConfiguration;
			buildSettings = {
				ALWAYS_EMBED_SWIFT_STANDARD_LIBRARIES = YES;
				BUNDLE_LOADER = "$(TEST_HOST)";
				CODE_SIGN_STYLE = Automatic;
				INFOPLIST_FILE = calculatorTests/Info.plist;
				LD_RUNPATH_SEARCH_PATHS = (
					"$(inherited)",
					"@executable_path/Frameworks",
					"@loader_path/Frameworks",
				);
				PRODUCT_BUNDLE_IDENTIFIER = codepath.calculatorTests;
				PRODUCT_NAME = "$(TARGET_NAME)";
				SWIFT_VERSION = 4.2;
				TARGETED_DEVICE_FAMILY = "1,2";
				TEST_HOST = "$(BUILT_PRODUCTS_DIR)/calculator.app/calculator";
			};
			name = Release;
		};
		E06F85B121FA87AD002E8F69 /* Debug */ = {
			isa = XCBuildConfiguration;
			buildSettings = {
				ALWAYS_EMBED_SWIFT_STANDARD_LIBRARIES = YES;
				CODE_SIGN_STYLE = Automatic;
				INFOPLIST_FILE = calculatorUITests/Info.plist;
				LD_RUNPATH_SEARCH_PATHS = (
					"$(inherited)",
					"@executable_path/Frameworks",
					"@loader_path/Frameworks",
				);
				PRODUCT_BUNDLE_IDENTIFIER = codepath.calculatorUITests;
				PRODUCT_NAME = "$(TARGET_NAME)";
				SWIFT_VERSION = 4.2;
				TARGETED_DEVICE_FAMILY = "1,2";
				TEST_TARGET_NAME = calculator;
			};
			name = Debug;
		};
		E06F85B221FA87AD002E8F69 /* Release */ = {
			isa = XCBuildConfiguration;
			buildSettings = {
				ALWAYS_EMBED_SWIFT_STANDARD_LIBRARIES = YES;
				CODE_SIGN_STYLE = Automatic;
				INFOPLIST_FILE = calculatorUITests/Info.plist;
				LD_RUNPATH_SEARCH_PATHS = (
					"$(inherited)",
					"@executable_path/Frameworks",
					"@loader_path/Frameworks",
				);
				PRODUCT_BUNDLE_IDENTIFIER = codepath.calculatorUITests;
				PRODUCT_NAME = "$(TARGET_NAME)";
				SWIFT_VERSION = 4.2;
				TARGETED_DEVICE_FAMILY = "1,2";
				TEST_TARGET_NAME = calculator;
			};
			name = Release;
		};
/* End XCBuildConfiguration section */

/* Begin XCConfigurationList section */
		E06F857D21FA87AC002E8F69 /* Build configuration list for PBXProject "calculator" */ = {
			isa = XCConfigurationList;
			buildConfigurations = (
				E06F85A821FA87AD002E8F69 /* Debug */,
				E06F85A921FA87AD002E8F69 /* Release */,
			);
			defaultConfigurationIsVisible = 0;
			defaultConfigurationName = Release;
		};
		E06F85AA21FA87AD002E8F69 /* Build configuration list for PBXNativeTarget "calculator" */ = {
			isa = XCConfigurationList;
			buildConfigurations = (
				E06F85AB21FA87AD002E8F69 /* Debug */,
				E06F85AC21FA87AD002E8F69 /* Release */,
			);
			defaultConfigurationIsVisible = 0;
			defaultConfigurationName = Release;
		};
		E06F85AD21FA87AD002E8F69 /* Build configuration list for PBXNativeTarget "calculatorTests" */ = {
			isa = XCConfigurationList;
			buildConfigurations = (
				E06F85AE21FA87AD002E8F69 /* Debug */,
				E06F85AF21FA87AD002E8F69 /* Release */,
			);
			defaultConfigurationIsVisible = 0;
			defaultConfigurationName = Release;
		};
		E06F85B021FA87AD002E8F69 /* Build configuration list for PBXNativeTarget "calculatorUITests" */ = {
			isa = XCConfigurationList;
			buildConfigurations = (
				E06F85B121FA87AD002E8F69 /* Debug */,
				E06F85B221FA87AD002E8F69 /* Release */,
			);
			defaultConfigurationIsVisible = 0;
			defaultConfigurationName = Release;
		};
/* End XCConfigurationList section */
	};
	rootObject = E06F857A21FA87AC002E8F69 /* Project object */;
}
